
Microsoft Visual Studio Solution File, Format Version 12.00
# Visual Studio Version 16
VisualStudioVersion = 16.0.30320.27
MinimumVisualStudioVersion = 10.0.40219.1
Project("{9A19103F-16F7-4668-BE54-9A1E7A4F7556}") = "Capita001ML.Model", "Capita001ML.Model\Capita001ML.Model.csproj", "{B0E87E70-143D-4FC0-A0F3-06B6AD3EDDB9}"
EndProject
Project("{9A19103F-16F7-4668-BE54-9A1E7A4F7556}") = "Capita001ML.ConsoleApp", "Capita001ML.ConsoleApp\Capita001ML.ConsoleApp.csproj", "{7E1A4800-D319-492C-AED8-AFD0F41A12B4}"
EndProject
Global
	GlobalSection(SolutionConfigurationPlatforms) = preSolution
		Debug|Any CPU = Debug|Any CPU
		Release|Any CPU = Release|Any CPU
	EndGlobalSection
	GlobalSection(ProjectConfigurationPlatforms) = postSolution
		{B0E87E70-143D-4FC0-A0F3-06B6AD3EDDB9}.Debug|Any CPU.ActiveCfg = Debug|Any CPU
		{B0E87E70-143D-4FC0-A0F3-06B6AD3EDDB9}.Debug|Any CPU.Build.0 = Debug|Any CPU
		{B0E87E70-143D-4FC0-A0F3-06B6AD3EDDB9}.Release|Any CPU.ActiveCfg = Release|Any CPU
		{B0E87E70-143D-4FC0-A0F3-06B6AD3EDDB9}.Release|Any CPU.Build.0 = Release|Any CPU
		{7E1A4800-D319-492C-AED8-AFD0F41A12B4}.Debug|Any CPU.ActiveCfg = Debug|Any CPU
		{7E1A4800-D319-492C-AED8-AFD0F41A12B4}.Debug|Any CPU.Build.0 = Debug|Any CPU
		{7E1A4800-D319-492C-AED8-AFD0F41A12B4}.Release|Any CPU.ActiveCfg = Release|Any CPU
		{7E1A4800-D319-492C-AED8-AFD0F41A12B4}.Release|Any CPU.Build.0 = Release|Any CPU
	EndGlobalSection
	GlobalSection(SolutionProperties) = preSolution
		HideSolutionNode = FALSE
	EndGlobalSection
	GlobalSection(ExtensibilityGlobals) = postSolution
		SolutionGuid = {E7E7C37B-C7D6-4075-8DCD-371436E14EB2}
	EndGlobalSection
EndGlobal
